
Microsoft Visual Studio Solution File, Format Version 12.00
# Visual Studio 2012
Project("{FAE04EC0-301F-11D3-BF4B-00C04F79EFBC}") = "Phoneword", "Phoneword\Phoneword.csproj", "{06C0459F-AEA2-4C1C-AFC0-A4E283CC4EDB}"
EndProject
Project("{FAE04EC0-301F-11D3-BF4B-00C04F79EFBC}") = "Phoneword.iOS", "iOS\Phoneword.iOS.csproj", "{4163814D-0D0E-480D-AB67-239BBFBA77A7}"
EndProject
Project("{FAE04EC0-301F-11D3-BF4B-00C04F79EFBC}") = "Phoneword.Droid", "Droid\Phoneword.Droid.csproj", "{70508047-41F2-4BAF-86A1-4219E77D5D64}"
EndProject
Project("{FAE04EC0-301F-11D3-BF4B-00C04F79EFBC}") = "Phoneword.UITests", "UITests\Phoneword.UITests.csproj", "{66AF704F-82BC-4568-ADDA-D4E1BD4BCF10}"
EndProject
Global
	GlobalSection(SolutionConfigurationPlatforms) = preSolution
		Debug|Any CPU = Debug|Any CPU
		Release|Any CPU = Release|Any CPU
		Debug|iPhoneSimulator = Debug|iPhoneSimulator
		Release|iPhone = Release|iPhone
		Release|iPhoneSimulator = Release|iPhoneSimulator
		Debug|iPhone = Debug|iPhone
	EndGlobalSection
	GlobalSection(ProjectConfigurationPlatforms) = postSolution
		{06C0459F-AEA2-4C1C-AFC0-A4E283CC4EDB}.Debug|Any CPU.ActiveCfg = Debug|Any CPU
		{06C0459F-AEA2-4C1C-AFC0-A4E283CC4EDB}.Debug|Any CPU.Build.0 = Debug|Any CPU
		{06C0459F-AEA2-4C1C-AFC0-A4E283CC4EDB}.Release|Any CPU.ActiveCfg = Release|Any CPU
		{06C0459F-AEA2-4C1C-AFC0-A4E283CC4EDB}.Release|Any CPU.Build.0 = Release|Any CPU
		{06C0459F-AEA2-4C1C-AFC0-A4E283CC4EDB}.Debug|iPhoneSimulator.ActiveCfg = Debug|Any CPU
		{06C0459F-AEA2-4C1C-AFC0-A4E283CC4EDB}.Debug|iPhoneSimulator.Build.0 = Debug|Any CPU
		{06C0459F-AEA2-4C1C-AFC0-A4E283CC4EDB}.Release|iPhone.ActiveCfg = Release|Any CPU
		{06C0459F-AEA2-4C1C-AFC0-A4E283CC4EDB}.Release|iPhone.Build.0 = Release|Any CPU
		{06C0459F-AEA2-4C1C-AFC0-A4E283CC4EDB}.Release|iPhoneSimulator.ActiveCfg = Release|Any CPU
		{06C0459F-AEA2-4C1C-AFC0-A4E283CC4EDB}.Release|iPhoneSimulator.Build.0 = Release|Any CPU
		{06C0459F-AEA2-4C1C-AFC0-A4E283CC4EDB}.Debug|iPhone.ActiveCfg = Debug|Any CPU
		{06C0459F-AEA2-4C1C-AFC0-A4E283CC4EDB}.Debug|iPhone.Build.0 = Debug|Any CPU
		{4163814D-0D0E-480D-AB67-239BBFBA77A7}.Debug|Any CPU.ActiveCfg = Debug|iPhoneSimulator
		{4163814D-0D0E-480D-AB67-239BBFBA77A7}.Debug|Any CPU.Build.0 = Debug|iPhoneSimulator
		{4163814D-0D0E-480D-AB67-239BBFBA77A7}.Release|Any CPU.ActiveCfg = Release|iPhone
		{4163814D-0D0E-480D-AB67-239BBFBA77A7}.Release|Any CPU.Build.0 = Release|iPhone
		{4163814D-0D0E-480D-AB67-239BBFBA77A7}.Debug|iPhoneSimulator.ActiveCfg = Debug|iPhoneSimulator
		{4163814D-0D0E-480D-AB67-239BBFBA77A7}.Debug|iPhoneSimulator.Build.0 = Debug|iPhoneSimulator
		{4163814D-0D0E-480D-AB67-239BBFBA77A7}.Release|iPhone.ActiveCfg = Release|iPhone
		{4163814D-0D0E-480D-AB67-239BBFBA77A7}.Release|iPhone.Build.0 = Release|iPhone
		{4163814D-0D0E-480D-AB67-239BBFBA77A7}.Release|iPhoneSimulator.ActiveCfg = Release|iPhoneSimulator
		{4163814D-0D0E-480D-AB67-239BBFBA77A7}.Release|iPhoneSimulator.Build.0 = Release|iPhoneSimulator
		{4163814D-0D0E-480D-AB67-239BBFBA77A7}.Debug|iPhone.ActiveCfg = Debug|iPhone
		{4163814D-0D0E-480D-AB67-239BBFBA77A7}.Debug|iPhone.Build.0 = Debug|iPhone
		{70508047-41F2-4BAF-86A1-4219E77D5D64}.Debug|Any CPU.ActiveCfg = Debug|Any CPU
		{70508047-41F2-4BAF-86A1-4219E77D5D64}.Debug|Any CPU.Build.0 = Debug|Any CPU
		{70508047-41F2-4BAF-86A1-4219E77D5D64}.Release|Any CPU.ActiveCfg = Release|Any CPU
		{70508047-41F2-4BAF-86A1-4219E77D5D64}.Release|Any CPU.Build.0 = Release|Any CPU
		{70508047-41F2-4BAF-86A1-4219E77D5D64}.Debug|iPhoneSimulator.ActiveCfg = Debug|Any CPU
		{70508047-41F2-4BAF-86A1-4219E77D5D64}.Debug|iPhoneSimulator.Build.0 = Debug|Any CPU
		{70508047-41F2-4BAF-86A1-4219E77D5D64}.Release|iPhone.ActiveCfg = Release|Any CPU
		{70508047-41F2-4BAF-86A1-4219E77D5D64}.Release|iPhone.Build.0 = Release|Any CPU
		{70508047-41F2-4BAF-86A1-4219E77D5D64}.Release|iPhoneSimulator.ActiveCfg = Release|Any CPU
		{70508047-41F2-4BAF-86A1-4219E77D5D64}.Release|iPhoneSimulator.Build.0 = Release|Any CPU
		{70508047-41F2-4BAF-86A1-4219E77D5D64}.Debug|iPhone.ActiveCfg = Debug|Any CPU
		{70508047-41F2-4BAF-86A1-4219E77D5D64}.Debug|iPhone.Build.0 = Debug|Any CPU
		{66AF704F-82BC-4568-ADDA-D4E1BD4BCF10}.Debug|Any CPU.ActiveCfg = Debug|Any CPU
		{66AF704F-82BC-4568-ADDA-D4E1BD4BCF10}.Debug|Any CPU.Build.0 = Debug|Any CPU
		{66AF704F-82BC-4568-ADDA-D4E1BD4BCF10}.Release|Any CPU.ActiveCfg = Release|Any CPU
		{66AF704F-82BC-4568-ADDA-D4E1BD4BCF10}.Release|Any CPU.Build.0 = Release|Any CPU
		{66AF704F-82BC-4568-ADDA-D4E1BD4BCF10}.Debug|iPhoneSimulator.ActiveCfg = Debug|Any CPU
		{66AF704F-82BC-4568-ADDA-D4E1BD4BCF10}.Debug|iPhoneSimulator.Build.0 = Debug|Any CPU
		{66AF704F-82BC-4568-ADDA-D4E1BD4BCF10}.Release|iPhone.ActiveCfg = Release|Any CPU
		{66AF704F-82BC-4568-ADDA-D4E1BD4BCF10}.Release|iPhone.Build.0 = Release|Any CPU
		{66AF704F-82BC-4568-ADDA-D4E1BD4BCF10}.Release|iPhoneSimulator.ActiveCfg = Release|Any CPU
		{66AF704F-82BC-4568-ADDA-D4E1BD4BCF10}.Release|iPhoneSimulator.Build.0 = Release|Any CPU
		{66AF704F-82BC-4568-ADDA-D4E1BD4BCF10}.Debug|iPhone.ActiveCfg = Debug|Any CPU
		{66AF704F-82BC-4568-ADDA-D4E1BD4BCF10}.Debug|iPhone.Build.0 = Debug|Any CPU
	EndGlobalSection
EndGlobal
